{
  "name": "sahara-connections-poc",
  "lockfileVersion": 3,
  "requires": true,
  "packages": {
    "": {
      "name": "sahara-connections-poc",
      "dependencies": {
        "@atproto/oauth-client": "^0.7.0",
        "@atproto/oauth-client-node": "^0.4.0"
      },
      "engines": {
        "node": ">=22"
      }
    },
    "node_modules/@atproto-labs/did-resolver": {
      "version": "0.3.0",
      "resolved": "https://registry.npmjs.org/@atproto-labs/did-resolver/-/did-resolver-0.3.0.tgz",
      "integrity": "sha512-6w8UxJQVj40TqKJm+D5s6pcH45eWH/KvfAR+gYC6KOux/mM7ZI3IKOhI1Gq7GIte1eOp9WXwASN1RQAFYZ4MFw==",
      "license": "MIT",
      "dependencies": {
        "@atproto-labs/fetch": "^0.3.0",
        "@atproto-labs/pipe": "^0.2.0",
        "@atproto-labs/simple-store": "^0.4.0",
        "@atproto-labs/simple-store-memory": "^0.2.0",
        "@atproto/did": "^0.4.0",
        "zod": "^3.23.8"
      },
      "engines": {
        "node": ">=22"
      }
    },
    "node_modules/@atproto-labs/fetch": {
      "version": "0.3.0",
      "resolved": "https://registry.npmjs.org/@atproto-labs/fetch/-/fetch-0.3.0.tgz",
      "integrity": "sha512-yZhNsRZyqhjmzHlXmE9k6XU0f6+ynfNyrHhB4FlEyUjkBvf5vNLjdJyBq+Jp7ISGMigA1fn2lAgaE/qkrVo9iw==",
      "license": "MIT",
      "dependencies": {
        "@atproto-labs/pipe": "^0.2.0"
      },
      "engines": {
        "node": ">=22"
      }
    },
    "node_modules/@atproto-labs/fetch-node": {
      "version": "0.3.0",
      "resolved": "https://registry.npmjs.org/@atproto-labs/fetch-node/-/fetch-node-0.3.0.tgz",
      "integrity": "sha512-Dj4OlW8E7Hyk0vpJ31ThUp5PCXMVi2iwPhavWkiGhjLx+pAhcEsIEnvV2cf+cGJcYKXczLwIl1agoLUMSZq1ag==",
      "license": "MIT",
      "dependencies": {
        "@atproto-labs/fetch": "^0.3.0",
        "@atproto-labs/pipe": "^0.2.0",
        "ipaddr.js": "^2.1.0",
        "undici": "^6.14.1"
      },
      "engines": {
        "node": ">=22"
      }
    },
    "node_modules/@atproto-labs/handle-resolver": {
      "version": "0.4.0",
      "resolved": "https://registry.npmjs.org/@atproto-labs/handle-resolver/-/handle-resolver-0.4.0.tgz",
      "integrity": "sha512-+q4j19YKNenWHoOJQrs2nv9vDornYxQXLSUpFR3q3l0gFTUq/OHk0Hvw98I9044CbxQ6pSnlxxU7OfWFyaaw2Q==",
      "license": "MIT",
      "dependencies": {
        "@atproto-labs/simple-store": "^0.4.0",
        "@atproto-labs/simple-store-memory": "^0.2.0",
        "@atproto/did": "^0.4.0",
        "zod": "^3.23.8"
      },
      "engines": {
        "node": ">=22"
      }
    },
    "node_modules/@atproto-labs/handle-resolver-node": {
      "version": "0.2.0",
      "resolved": "https://registry.npmjs.org/@atproto-labs/handle-resolver-node/-/handle-resolver-node-0.2.0.tgz",
      "integrity": "sha512-3hP3exJiNr7tdI2M3fCnUvPX3oA1663XsIUwZTTzxQf+R5TDvtcoJiWwp5KdCI1u2mVPpWrxKzjEEnrVQ4va6A==",
      "license": "MIT",
      "dependencies": {
        "@atproto-labs/fetch-node": "^0.3.0",
        "@atproto-labs/handle-resolver": "^0.4.0",
        "@atproto/did": "^0.4.0"
      },
      "engines": {
        "node": ">=22"
      }
    },
    "node_modules/@atproto-labs/identity-resolver": {
      "version": "0.4.0",
      "resolved": "https://registry.npmjs.org/@atproto-labs/identity-resolver/-/identity-resolver-0.4.0.tgz",
      "integrity": "sha512-6ZGeWminDTXfYE/jw6BqXm5Nrv2lTBox8wHsnWUQkOs2m0oam47dMcMf3KQfo3hNhRZmTY2JB/F0woRV5MvhpA==",
      "license": "MIT",
      "dependencies": {
        "@atproto-labs/did-resolver": "^0.3.0",
        "@atproto-labs/handle-resolver": "^0.4.0"
      },
      "engines": {
        "node": ">=22"
      }
    },
    "node_modules/@atproto-labs/pipe": {
      "version": "0.2.0",
      "resolved": "https://registry.npmjs.org/@atproto-labs/pipe/-/pipe-0.2.0.tgz",
      "integrity": "sha512-89X6gv+8/SiZYwJ4+Hw8iaU1WymbElZO6LsMgHd+c1XFs/78KhsIL4xp0RCs7/W8izK9BxaTEnYN5csRmwQ99Q==",
      "license": "MIT",
      "engines": {
        "node": ">=22"
      }
    },
    "node_modules/@atproto-labs/simple-store": {
      "version": "0.4.0",
      "resolved": "https://registry.npmjs.org/@atproto-labs/simple-store/-/simple-store-0.4.0.tgz",
      "integrity": "sha512-sbPEju2QXzN6lGWfr5p2Kg82ZeaG1UyVFOrMQc4eCjUvxGOjIxuYOVIiTuPTFOC5Rsvsb8jMOmLjLi8FR/CMYw==",
      "license": "MIT",
      "engines": {
        "node": ">=22"
      }
    },
    "node_modules/@atproto-labs/simple-store-memory": {
      "version": "0.2.0",
      "resolved": "https://registry.npmjs.org/@atproto-labs/simple-store-memory/-/simple-store-memory-0.2.0.tgz",
      "integrity": "sha512-nDZIS6vOBvR8NqObGmj0GFSdz3N6gyQ7ny3l/uiezwuCWShsxtA9OkYcjaQ7Kw3hydXTe4iEGu/BDOACncnxDg==",
      "license": "MIT",
      "dependencies": {
        "@atproto-labs/simple-store": "^0.4.0",
        "lru-cache": "^10.2.0"
      },
      "engines": {
        "node": ">=22"
      }
    },
    "node_modules/@atproto/common-web": {
      "version": "0.5.0",
      "resolved": "https://registry.npmjs.org/@atproto/common-web/-/common-web-0.5.0.tgz",
      "integrity": "sha512-ReWnkuZdDU/74/I47gaI26uxQjHmpq4edp41NnZZQ5vIIKGb7Ei6pZHzDTUD9JURo109SKrPx9RMP2IQm0fOKA==",
      "license": "MIT",
      "dependencies": {
        "@atproto/lex-data": "^0.1.0",
        "@atproto/lex-json": "^0.1.0",
        "@atproto/syntax": "^0.6.0",
        "zod": "^3.23.8"
      },
      "engines": {
        "node": ">=22"
      }
    },
    "node_modules/@atproto/did": {
      "version": "0.4.0",
      "resolved": "https://registry.npmjs.org/@atproto/did/-/did-0.4.0.tgz",
      "integrity": "sha512-OADX1NXCkScMkNJmSQnTUfPoDJ2IoOUTtqVfuY4z+a8//JDIsY6FDygv3GR8Sh2laz5qodlCA7XM+u6XVine3g==",
      "license": "MIT",
      "dependencies": {
        "zod": "^3.23.8"
      },
      "engines": {
        "node": ">=22"
      }
    },
    "node_modules/@atproto/jwk": {
      "version": "0.7.0",
      "resolved": "https://registry.npmjs.org/@atproto/jwk/-/jwk-0.7.0.tgz",
      "integrity": "sha512-HJ0crIKTbeTIiXCodgcgpaTcfKmeUE4IawjpoiVav1KFiIrD8ML2c7NdLETo8XnHuuj6DNzCtfD/381od/QjkA==",
      "license": "MIT",
      "dependencies": {
        "multiformats": "^13.0.0",
        "zod": "^3.23.8"
      },
      "engines": {
        "node": ">=22"
      }
    },
    "node_modules/@atproto/jwk-jose": {
      "version": "0.2.0",
      "resolved": "https://registry.npmjs.org/@atproto/jwk-jose/-/jwk-jose-0.2.0.tgz",
      "integrity": "sha512-emI0XXWoZvcy64Q1NnVictPtez3p2jWUU5TMHxalIqo917z9QEJ/aMcso6X9YPfnbL8sa1n6VGo+5THBMobZzg==",
      "license": "MIT",
      "dependencies": {
        "@atproto/jwk": "^0.7.0",
        "jose": "^5.2.0"
      },
      "engines": {
        "node": ">=22"
      }
    },
    "node_modules/@atproto/jwk-webcrypto": {
      "version": "0.3.0",
      "resolved": "https://registry.npmjs.org/@atproto/jwk-webcrypto/-/jwk-webcrypto-0.3.0.tgz",
      "integrity": "sha512-llguCJA5vlaTfNhWF1RTiRfg0HWCehTumZpQB84ZkhdJp6TBWgfMw431K6B2bE4FbGB3824v/+Q3Y2y8OQEltQ==",
      "license": "MIT",
      "dependencies": {
        "@atproto/jwk": "^0.7.0",
        "@atproto/jwk-jose": "^0.2.0",
        "zod": "^3.23.8"
      },
      "engines": {
        "node": ">=22"
      }
    },
    "node_modules/@atproto/lex-data": {
      "version": "0.1.1",
      "resolved": "https://registry.npmjs.org/@atproto/lex-data/-/lex-data-0.1.1.tgz",
      "integrity": "sha512-/xza8nU/YhtzhETnHL3QKKofaJ28/0NCzhT7LaYoUkm8EgypWp5ykEtmW52yLhQM2JF6fVa25g1soQmNTGqtSg==",
      "license": "MIT",
      "dependencies": {
        "multiformats": "^13.0.0",
        "tslib": "^2.8.1",
        "uint8arrays": "^5.0.0",
        "unicode-segmenter": "^0.14.0"
      },
      "engines": {
        "node": ">=22"
      }
    },
    "node_modules/@atproto/lex-json": {
      "version": "0.1.0",
      "resolved": "https://registry.npmjs.org/@atproto/lex-json/-/lex-json-0.1.0.tgz",
      "integrity": "sha512-oWUrRMwFyWpmi/5k1Se3xBTbP06XdxBS5iFuUz9LmqItaPXwrWRD87a9ldPvINQ/A2/mn7J6/qug8sDVlhD+vQ==",
      "license": "MIT",
      "dependencies": {
        "@atproto/lex-data": "^0.1.0",
        "tslib": "^2.8.1"
      },
      "engines": {
        "node": ">=22"
      }
    },
    "node_modules/@atproto/lexicon": {
      "version": "0.7.1",
      "resolved": "https://registry.npmjs.org/@atproto/lexicon/-/lexicon-0.7.1.tgz",
      "integrity": "sha512-voNfNED5KUxn3vpo7N5DMRblBDfWf7kSfdKhJFC1RrLCxg38YbBzzURNVQJ32bp13Oot8kYfyXBWxTgtKLvw8w==",
      "license": "MIT",
      "dependencies": {
        "@atproto/common-web": "^0.5.0",
        "@atproto/syntax": "^0.6.1",
        "multiformats": "^13.0.0",
        "zod": "^3.23.8"
      },
      "engines": {
        "node": ">=22"
      }
    },
    "node_modules/@atproto/oauth-client": {
      "version": "0.7.1",
      "resolved": "https://registry.npmjs.org/@atproto/oauth-client/-/oauth-client-0.7.1.tgz",
      "integrity": "sha512-lobofOc4hbxzT8NRmRbaW6CG7+MUd1BfRrJ8UEvYMiYCon34csKRfMcGgDZ/fnIjrWuMfwhjJGsIGq140YunJg==",
      "license": "MIT",
      "dependencies": {
        "@atproto-labs/did-resolver": "^0.3.0",
        "@atproto-labs/fetch": "^0.3.0",
        "@atproto-labs/handle-resolver": "^0.4.0",
        "@atproto-labs/identity-resolver": "^0.4.0",
        "@atproto-labs/simple-store": "^0.4.0",
        "@atproto-labs/simple-store-memory": "^0.2.0",
        "@atproto/did": "^0.4.0",
        "@atproto/jwk": "^0.7.0",
        "@atproto/oauth-types": "^0.7.0",
        "@atproto/xrpc": "^0.8.0",
        "core-js": "^3",
        "multiformats": "^13.0.0",
        "zod": "^3.23.8"
      },
      "engines": {
        "node": ">=22"
      }
    },
    "node_modules/@atproto/oauth-client-node": {
      "version": "0.4.0",
      "resolved": "https://registry.npmjs.org/@atproto/oauth-client-node/-/oauth-client-node-0.4.0.tgz",
      "integrity": "sha512-YmhF0xWSiq2JI86Y/Kryi0PeTnVvIVjJ8lrK+LX3MPLQiYF+EYYUQGHrRccJLzWSVCxKNc+0lbNY8Z8JDittWg==",
      "license": "MIT",
      "dependencies": {
        "@atproto-labs/did-resolver": "^0.3.0",
        "@atproto-labs/handle-resolver-node": "^0.2.0",
        "@atproto-labs/simple-store": "^0.4.0",
        "@atproto/did": "^0.4.0",
        "@atproto/jwk": "^0.7.0",
        "@atproto/jwk-jose": "^0.2.0",
        "@atproto/jwk-webcrypto": "^0.3.0",
        "@atproto/oauth-client": "^0.7.0",
        "@atproto/oauth-types": "^0.7.0"
      },
      "engines": {
        "node": ">=22"
      }
    },
    "node_modules/@atproto/oauth-types": {
      "version": "0.7.0",
      "resolved": "https://registry.npmjs.org/@atproto/oauth-types/-/oauth-types-0.7.0.tgz",
      "integrity": "sha512-4o1pRBTnZrIqaXH3jg9K2XwkTlRb7ohp2BArQ1gNPYp2znrRiELmwjxqR3CH5KD1Dz64kJXoEkbeLKl0devkNw==",
      "license": "MIT",
      "dependencies": {
        "@atproto/did": "^0.4.0",
        "@atproto/jwk": "^0.7.0",
        "zod": "^3.23.8"
      },
      "engines": {
        "node": ">=22"
      }
    },
    "node_modules/@atproto/syntax": {
      "version": "0.6.1",
      "resolved": "https://registry.npmjs.org/@atproto/syntax/-/syntax-0.6.1.tgz",
      "integrity": "sha512-kA4dQDoMPpWCH8N0Q4KoSq024u5MkVfDVa8DdhyLjGA72z/khbOf1jXKPv7NIL2oEc9aj7geKELdvqyf4ogopA==",
      "license": "MIT",
      "dependencies": {
        "iso-datestring-validator": "^2.2.2",
        "tslib": "^2.8.1"
      },
      "engines": {
        "node": ">=22"
      }
    },
    "node_modules/@atproto/xrpc": {
      "version": "0.8.0",
      "resolved": "https://registry.npmjs.org/@atproto/xrpc/-/xrpc-0.8.0.tgz",
      "integrity": "sha512-NJy02bIKrWlE2NQkRV1kT0Cj0ixbuxlF/MejBdo4cPWAa9v3oZexvAcjjb0zaOYeABkaU14iyIhvn2G4e/oLpw==",
      "license": "MIT",
      "dependencies": {
        "@atproto/lexicon": "^0.7.0",
        "zod": "^3.23.8"
      },
      "engines": {
        "node": ">=22"
      }
    },
    "node_modules/core-js": {
      "version": "3.49.0",
      "resolved": "https://registry.npmjs.org/core-js/-/core-js-3.49.0.tgz",
      "integrity": "sha512-es1U2+YTtzpwkxVLwAFdSpaIMyQaq0PBgm3YD1W3Qpsn1NAmO3KSgZfu+oGSWVu6NvLHoHCV/aYcsE5wiB7ALg==",
      "hasInstallScript": true,
      "license": "MIT",
      "funding": {
        "type": "opencollective",
        "url": "https://opencollective.com/core-js"
      }
    },
    "node_modules/ipaddr.js": {
      "version": "2.4.0",
      "resolved": "https://registry.npmjs.org/ipaddr.js/-/ipaddr.js-2.4.0.tgz",
      "integrity": "sha512-9VGk3HGanVE6JoZXHiCpnGy5X0jYDnN4EA4lntFPj+1vIWlFhIylq2CrrCOJH9EAhc5CYhq18F2Av2tgoAPsYQ==",
      "license": "MIT",
      "engines": {
        "node": ">= 10"
      }
    },
    "node_modules/iso-datestring-validator": {
      "version": "2.2.2",
      "resolved": "https://registry.npmjs.org/iso-datestring-validator/-/iso-datestring-validator-2.2.2.tgz",
      "integrity": "sha512-yLEMkBbLZTlVQqOnQ4FiMujR6T4DEcCb1xizmvXS+OxuhwcbtynoosRzdMA69zZCShCNAbi+gJ71FxZBBXx1SA==",
      "license": "MIT"
    },
    "node_modules/jose": {
      "version": "5.10.0",
      "resolved": "https://registry.npmjs.org/jose/-/jose-5.10.0.tgz",
      "integrity": "sha512-s+3Al/p9g32Iq+oqXxkW//7jk2Vig6FF1CFqzVXoTUXt2qz89YWbL+OwS17NFYEvxC35n0FKeGO2LGYSxeM2Gg==",
      "license": "MIT",
      "funding": {
        "url": "https://github.com/sponsors/panva"
      }
    },
    "node_modules/lru-cache": {
      "version": "10.4.3",
      "resolved": "https://registry.npmjs.org/lru-cache/-/lru-cache-10.4.3.tgz",
      "integrity": "sha512-JNAzZcXrCt42VGLuYz0zfAzDfAvJWW6AfYlDBQyDV5DClI2m5sAmK+OIO7s59XfsRsWHp02jAJrRadPRGTt6SQ==",
      "license": "ISC"
    },
    "node_modules/multiformats": {
      "version": "13.4.2",
      "resolved": "https://registry.npmjs.org/multiformats/-/multiformats-13.4.2.tgz",
      "integrity": "sha512-eh6eHCrRi1+POZ3dA+Dq1C6jhP1GNtr9CRINMb67OKzqW9I5DUuZM/3jLPlzhgpGeiNUlEGEbkCYChXMCc/8DQ==",
      "license": "Apache-2.0 OR MIT"
    },
    "node_modules/tslib": {
      "version": "2.8.1",
      "resolved": "https://registry.npmjs.org/tslib/-/tslib-2.8.1.tgz",
      "integrity": "sha512-oJFu94HQb+KVduSUQL7wnpmqnfmLsOA/nAh6b6EH0wCEoK0/mPeXU6c3wKDV83MkOuHPRHtSXKKU99IBazS/2w==",
      "license": "0BSD"
    },
    "node_modules/uint8arrays": {
      "version": "5.1.1",
      "resolved": "https://registry.npmjs.org/uint8arrays/-/uint8arrays-5.1.1.tgz",
      "integrity": "sha512-9muQwa4wZG4dKi9gMAIBtnk2Pw87SRpvWTH6lOGm19V2Uqxr4uomUf2PGqPnWc+qs06sN8owUU4jfcoWOcfwVQ==",
      "license": "Apache-2.0 OR MIT",
      "dependencies": {
        "multiformats": "^13.0.0"
      }
    },
    "node_modules/undici": {
      "version": "6.26.0",
      "resolved": "https://registry.npmjs.org/undici/-/undici-6.26.0.tgz",
      "integrity": "sha512-4yqz8a3n5HmGTlsbADNtr/dJlhkh/55Rq798G6ibiULcXbDtaLpTl1pvdqcbFfeoj3iSi52lePFM7h9H21cw/A==",
      "license": "MIT",
      "engines": {
        "node": ">=18.17"
      }
    },
    "node_modules/unicode-segmenter": {
      "version": "0.14.5",
      "resolved": "https://registry.npmjs.org/unicode-segmenter/-/unicode-segmenter-0.14.5.tgz",
      "integrity": "sha512-jHGmj2LUuqDcX3hqY12Ql+uhUTn8huuxNZGq7GvtF6bSybzH3aFgedYu/KTzQStEgt1Ra2F3HxadNXsNjb3m3g==",
      "license": "MIT"
    },
    "node_modules/zod": {
      "version": "3.25.76",
      "resolved": "https://registry.npmjs.org/zod/-/zod-3.25.76.tgz",
      "integrity": "sha512-gzUt/qt81nXsFGKIFcC3YnfEAx5NkunCfnDlvuBSSFS02bcXu4Lmea0AFIUwbLWxWPx3d9p8S5QoaujKcNQxcQ==",
      "license": "MIT",
      "funding": {
        "url": "https://github.com/sponsors/colinhacks"
      }
    }
  }
}
